// !$*UTF8*$!
{
	archiveVersion = 1;
	classes = {
	};
	objectVersion = 51;
	objects = {

/* Begin PBXBuildFile section */
		27C4755DA8192FB979D8A154 /* Pods_Picture_Labeler.framework in Frameworks */ = {isa = PBXBuildFile; fileRef = 98B0EA116AFAA50AB9297D5E /* Pods_Picture_Labeler.framework */; };
		D093751D23C6AEAB00F9CE44 /* AppDelegate.swift in Sources */ = {isa = PBXBuildFile; fileRef = D093751C23C6AEAB00F9CE44 /* AppDelegate.swift */; };
		D093751F23C6AEAB00F9CE44 /* SceneDelegate.swift in Sources */ = {isa = PBXBuildFile; fileRef = D093751E23C6AEAB00F9CE44 /* SceneDelegate.swift */; };
		D093752123C6AEAB00F9CE44 /* HomeViewController.swift in Sources */ = {isa = PBXBuildFile; fileRef = D093752023C6AEAB00F9CE44 /* HomeViewController.swift */; };
		D093752423C6AEAB00F9CE44 /* Main.storyboard in Resources */ = {isa = PBXBuildFile; fileRef = D093752223C6AEAB00F9CE44 /* Main.storyboard */; };
		D093752723C6AEAB00F9CE44 /* Picture_Labeler.xcdatamodeld in Sources */ = {isa = PBXBuildFile; fileRef = D093752523C6AEAB00F9CE44 /* Picture_Labeler.xcdatamodeld */; };
		D093752923C6AEAC00F9CE44 /* Assets.xcassets in Resources */ = {isa = PBXBuildFile; fileRef = D093752823C6AEAC00F9CE44 /* Assets.xcassets */; };
		D093752C23C6AEAC00F9CE44 /* LaunchScreen.storyboard in Resources */ = {isa = PBXBuildFile; fileRef = D093752A23C6AEAC00F9CE44 /* LaunchScreen.storyboard */; };
		D093753C23C7562800F9CE44 /* CollectionViewCell.swift in Sources */ = {isa = PBXBuildFile; fileRef = D093753B23C7562800F9CE44 /* CollectionViewCell.swift */; };
		D09C8E3C23EB93B1000CB4DC /* GroupViewController.swift in Sources */ = {isa = PBXBuildFile; fileRef = D09C8E3B23EB93B1000CB4DC /* GroupViewController.swift */; };
		D09C8E3E23EB95BF000CB4DC /* GroupViewCell.swift in Sources */ = {isa = PBXBuildFile; fileRef = D09C8E3D23EB95BF000CB4DC /* GroupViewCell.swift */; };
		D09C8E4023EDCF6E000CB4DC /* GalleryViewController.swift in Sources */ = {isa = PBXBuildFile; fileRef = D09C8E3F23EDCF6E000CB4DC /* GalleryViewController.swift */; };
		D09C8E4223EE20C7000CB4DC /* ImageSaveController.swift in Sources */ = {isa = PBXBuildFile; fileRef = D09C8E4123EE20C7000CB4DC /* ImageSaveController.swift */; };
		D09C8E4623EE791F000CB4DC /* PhotoHelper.swift in Sources */ = {isa = PBXBuildFile; fileRef = D09C8E4523EE791F000CB4DC /* PhotoHelper.swift */; };
		D09C8E4823F8D97E000CB4DC /* ImageStorage.swift in Sources */ = {isa = PBXBuildFile; fileRef = D09C8E4723F8D97E000CB4DC /* ImageStorage.swift */; };
/* End PBXBuildFile section */

/* Begin PBXFileReference section */
		1B61186A1280B7D990B762CF /* Pods-Picture Labeler.debug.xcconfig */ = {isa = PBXFileReference; includeInIndex = 1; lastKnownFileType = text.xcconfig; name = "Pods-Picture Labeler.debug.xcconfig"; path = "Target Support Files/Pods-Picture Labeler/Pods-Picture Labeler.debug.xcconfig"; sourceTree = "<group>"; };
		87BAF46399B14310AF51CF10 /* Pods-Picture Labeler.release.xcconfig */ = {isa = PBXFileReference; includeInIndex = 1; lastKnownFileType = text.xcconfig; name = "Pods-Picture Labeler.release.xcconfig"; path = "Target Support Files/Pods-Picture Labeler/Pods-Picture Labeler.release.xcconfig"; sourceTree = "<group>"; };
		98B0EA116AFAA50AB9297D5E /* Pods_Picture_Labeler.framework */ = {isa = PBXFileReference; explicitFileType = wrapper.framework; includeInIndex = 0; path = Pods_Picture_Labeler.framework; sourceTree = BUILT_PRODUCTS_DIR; };
		D093751923C6AEAB00F9CE44 /* Picture Labeler.app */ = {isa = PBXFileReference; explicitFileType = wrapper.application; includeInIndex = 0; path = "Picture Labeler.app"; sourceTree = BUILT_PRODUCTS_DIR; };
		D093751C23C6AEAB00F9CE44 /* AppDelegate.swift */ = {isa = PBXFileReference; lastKnownFileType = sourcecode.swift; path = AppDelegate.swift; sourceTree = "<group>"; };
		D093751E23C6AEAB00F9CE44 /* SceneDelegate.swift */ = {isa = PBXFileReference; lastKnownFileType = sourcecode.swift; path = SceneDelegate.swift; sourceTree = "<group>"; };
		D093752023C6AEAB00F9CE44 /* HomeViewController.swift */ = {isa = PBXFileReference; lastKnownFileType = sourcecode.swift; path = HomeViewController.swift; sourceTree = "<group>"; };
		D093752323C6AEAB00F9CE44 /* Base */ = {isa = PBXFileReference; lastKnownFileType = file.storyboard; name = Base; path = Base.lproj/Main.storyboard; sourceTree = "<group>"; };
		D093752623C6AEAB00F9CE44 /* Picture_Labeler.xcdatamodel */ = {isa = PBXFileReference; lastKnownFileType = wrapper.xcdatamodel; path = Picture_Labeler.xcdatamodel; sourceTree = "<group>"; };
		D093752823C6AEAC00F9CE44 /* Assets.xcassets */ = {isa = PBXFileReference; lastKnownFileType = folder.assetcatalog; path = Assets.xcassets; sourceTree = "<group>"; };
		D093752B23C6AEAC00F9CE44 /* Base */ = {isa = PBXFileReference; lastKnownFileType = file.storyboard; name = Base; path = Base.lproj/LaunchScreen.storyboard; sourceTree = "<group>"; };
		D093752D23C6AEAC00F9CE44 /* Info.plist */ = {isa = PBXFileReference; lastKnownFileType = text.plist.xml; path = Info.plist; sourceTree = "<group>"; };
		D093753B23C7562800F9CE44 /* CollectionViewCell.swift */ = {isa = PBXFileReference; lastKnownFileType = sourcecode.swift; path = CollectionViewCell.swift; sourceTree = "<group>"; };
		D09C8E3B23EB93B1000CB4DC /* GroupViewController.swift */ = {isa = PBXFileReference; lastKnownFileType = sourcecode.swift; path = GroupViewController.swift; sourceTree = "<group>"; };
		D09C8E3D23EB95BF000CB4DC /* GroupViewCell.swift */ = {isa = PBXFileReference; lastKnownFileType = sourcecode.swift; path = GroupViewCell.swift; sourceTree = "<group>"; };
		D09C8E3F23EDCF6E000CB4DC /* GalleryViewController.swift */ = {isa = PBXFileReference; lastKnownFileType = sourcecode.swift; path = GalleryViewController.swift; sourceTree = "<group>"; };
		D09C8E4123EE20C7000CB4DC /* ImageSaveController.swift */ = {isa = PBXFileReference; lastKnownFileType = sourcecode.swift; path = ImageSaveController.swift; sourceTree = "<group>"; };
		D09C8E4523EE791F000CB4DC /* PhotoHelper.swift */ = {isa = PBXFileReference; lastKnownFileType = sourcecode.swift; path = PhotoHelper.swift; sourceTree = "<group>"; };
		D09C8E4723F8D97E000CB4DC /* ImageStorage.swift */ = {isa = PBXFileReference; lastKnownFileType = sourcecode.swift; path = ImageStorage.swift; sourceTree = "<group>"; };
/* End PBXFileReference section */

/* Begin PBXFrameworksBuildPhase section */
		D093751623C6AEAB00F9CE44 /* Frameworks */ = {
			isa = PBXFrameworksBuildPhase;
			buildActionMask = 2147483647;
			files = (
				27C4755DA8192FB979D8A154 /* Pods_Picture_Labeler.framework in Frameworks */,
			);
			runOnlyForDeploymentPostprocessing = 0;
		};
/* End PBXFrameworksBuildPhase section */

/* Begin PBXGroup section */
		46868766215D723ED0D94414 /* Frameworks */ = {
			isa = PBXGroup;
			children = (
				98B0EA116AFAA50AB9297D5E /* Pods_Picture_Labeler.framework */,
			);
			name = Frameworks;
			sourceTree = "<group>";
		};
		7387151D0B981E466E7BA4E7 /* Pods */ = {
			isa = PBXGroup;
			children = (
				1B61186A1280B7D990B762CF /* Pods-Picture Labeler.debug.xcconfig */,
				87BAF46399B14310AF51CF10 /* Pods-Picture Labeler.release.xcconfig */,
			);
			path = Pods;
			sourceTree = "<group>";
		};
		D093751023C6AEAB00F9CE44 = {
			isa = PBXGroup;
			children = (
				D093751B23C6AEAB00F9CE44 /* Picture Labeler */,
				D093751A23C6AEAB00F9CE44 /* Products */,
				7387151D0B981E466E7BA4E7 /* Pods */,
				46868766215D723ED0D94414 /* Frameworks */,
			);
			sourceTree = "<group>";
		};
		D093751A23C6AEAB00F9CE44 /* Products */ = {
			isa = PBXGroup;
			children = (
				D093751923C6AEAB00F9CE44 /* Picture Labeler.app */,
			);
			name = Products;
			sourceTree = "<group>";
		};
		D093751B23C6AEAB00F9CE44 /* Picture Labeler */ = {
			isa = PBXGroup;
			children = (
				D093753523C74E5E00F9CE44 /* Controller */,
				D093753423C74E5A00F9CE44 /* View */,
				D093753323C74E5600F9CE44 /* Model */,
				D093752823C6AEAC00F9CE44 /* Assets.xcassets */,
				D093752D23C6AEAC00F9CE44 /* Info.plist */,
			);
			path = "Picture Labeler";
			sourceTree = "<group>";
		};
		D093753323C74E5600F9CE44 /* Model */ = {
			isa = PBXGroup;
			children = (
				D093752523C6AEAB00F9CE44 /* Picture_Labeler.xcdatamodeld */,
				D09C8E4723F8D97E000CB4DC /* ImageStorage.swift */,
			);
			path = Model;
			sourceTree = "<group>";
		};
		D093753423C74E5A00F9CE44 /* View */ = {
			isa = PBXGroup;
			children = (
				D093752A23C6AEAC00F9CE44 /* LaunchScreen.storyboard */,
				D093752223C6AEAB00F9CE44 /* Main.storyboard */,
				D09C8E3D23EB95BF000CB4DC /* GroupViewCell.swift */,
				D093753B23C7562800F9CE44 /* CollectionViewCell.swift */,
			);
			path = View;
			sourceTree = "<group>";
		};
		D093753523C74E5E00F9CE44 /* Controller */ = {
			isa = PBXGroup;
			children = (
				D093751C23C6AEAB00F9CE44 /* AppDelegate.swift */,
				D093751E23C6AEAB00F9CE44 /* SceneDelegate.swift */,
				D093752023C6AEAB00F9CE44 /* HomeViewController.swift */,
				D09C8E3B23EB93B1000CB4DC /* GroupViewController.swift */,
				D09C8E3F23EDCF6E000CB4DC /* GalleryViewController.swift */,
				D09C8E4123EE20C7000CB4DC /* ImageSaveController.swift */,
				D09C8E4523EE791F000CB4DC /* PhotoHelper.swift */,
			);
			path = Controller;
			sourceTree = "<group>";
		};
/* End PBXGroup section */

/* Begin PBXNativeTarget section */
		D093751823C6AEAB00F9CE44 /* Picture Labeler */ = {
			isa = PBXNativeTarget;
			buildConfigurationList = D093753023C6AEAC00F9CE44 /* Build configuration list for PBXNativeTarget "Picture Labeler" */;
			buildPhases = (
				E5F223B34CF80AFDBBD4D2CE /* [CP] Check Pods Manifest.lock */,
				D093751523C6AEAB00F9CE44 /* Sources */,
				D093751623C6AEAB00F9CE44 /* Frameworks */,
				D093751723C6AEAB00F9CE44 /* Resources */,
				FC34DE54F58C549D89EC1FB2 /* [CP] Embed Pods Frameworks */,
			);
			buildRules = (
			);
			dependencies = (
			);
			name = "Picture Labeler";
			productName = "Picture Labeler";
			productReference = D093751923C6AEAB00F9CE44 /* Picture Labeler.app */;
			productType = "com.apple.product-type.application";
		};
/* End PBXNativeTarget section */

/* Begin PBXProject section */
		D093751123C6AEAB00F9CE44 /* Project object */ = {
			isa = PBXProject;
			attributes = {
				LastSwiftUpdateCheck = 1130;
				LastUpgradeCheck = 1130;
				ORGANIZATIONNAME = "Joshua Bowen";
				TargetAttributes = {
					D093751823C6AEAB00F9CE44 = {
						CreatedOnToolsVersion = 11.3;
					};
				};
			};
			buildConfigurationList = D093751423C6AEAB00F9CE44 /* Build configuration list for PBXProject "Picture Labeler" */;
			compatibilityVersion = "Xcode 9.3";
			developmentRegion = en;
			hasScannedForEncodings = 0;
			knownRegions = (
				en,
				Base,
			);
			mainGroup = D093751023C6AEAB00F9CE44;
			productRefGroup = D093751A23C6AEAB00F9CE44 /* Products */;
			projectDirPath = "";
			projectRoot = "";
			targets = (
				D093751823C6AEAB00F9CE44 /* Picture Labeler */,
			);
		};
/* End PBXProject section */

/* Begin PBXResourcesBuildPhase section */
		D093751723C6AEAB00F9CE44 /* Resources */ = {
			isa = PBXResourcesBuildPhase;
			buildActionMask = 2147483647;
			files = (
				D093752C23C6AEAC00F9CE44 /* LaunchScreen.storyboard in Resources */,
				D093752923C6AEAC00F9CE44 /* Assets.xcassets in Resources */,
				D093752423C6AEAB00F9CE44 /* Main.storyboard in Resources */,
			);
			runOnlyForDeploymentPostprocessing = 0;
		};
/* End PBXResourcesBuildPhase section */

/* Begin PBXShellScriptBuildPhase section */
		E5F223B34CF80AFDBBD4D2CE /* [CP] Check Pods Manifest.lock */ = {
			isa = PBXShellScriptBuildPhase;
			buildActionMask = 2147483647;
			files = (
			);
			inputFileListPaths = (
			);
			inputPaths = (
				"${PODS_PODFILE_DIR_PATH}/Podfile.lock",
				"${PODS_ROOT}/Manifest.lock",
			);
			name = "[CP] Check Pods Manifest.lock";
			outputFileListPaths = (
			);
			outputPaths = (
				"$(DERIVED_FILE_DIR)/Pods-Picture Labeler-checkManifestLockResult.txt",
			);
			runOnlyForDeploymentPostprocessing = 0;
			shellPath = /bin/sh;
			shellScript = "diff \"${PODS_PODFILE_DIR_PATH}/Podfile.lock\" \"${PODS_ROOT}/Manifest.lock\" > /dev/null\nif [ $? != 0 ] ; then\n    # print error to STDERR\n    echo \"error: The sandbox is not in sync with the Podfile.lock. Run 'pod install' or update your CocoaPods installation.\" >&2\n    exit 1\nfi\n# This output is used by Xcode 'outputs' to avoid re-running this script phase.\necho \"SUCCESS\" > \"${SCRIPT_OUTPUT_FILE_0}\"\n";
			showEnvVarsInLog = 0;
		};
		FC34DE54F58C549D89EC1FB2 /* [CP] Embed Pods Frameworks */ = {
			isa = PBXShellScriptBuildPhase;
			buildActionMask = 2147483647;
			files = (
			);
			inputFileListPaths = (
				"${PODS_ROOT}/Target Support Files/Pods-Picture Labeler/Pods-Picture Labeler-frameworks-${CONFIGURATION}-input-files.xcfilelist",
			);
			name = "[CP] Embed Pods Frameworks";
			outputFileListPaths = (
				"${PODS_ROOT}/Target Support Files/Pods-Picture Labeler/Pods-Picture Labeler-frameworks-${CONFIGURATION}-output-files.xcfilelist",
			);
			runOnlyForDeploymentPostprocessing = 0;
			shellPath = /bin/sh;
			shellScript = "\"${PODS_ROOT}/Target Support Files/Pods-Picture Labeler/Pods-Picture Labeler-frameworks.sh\"\n";
			showEnvVarsInLog = 0;
		};
/* End PBXShellScriptBuildPhase section */

/* Begin PBXSourcesBuildPhase section */
		D093751523C6AEAB00F9CE44 /* Sources */ = {
			isa = PBXSourcesBuildPhase;
			buildActionMask = 2147483647;
			files = (
				D09C8E3C23EB93B1000CB4DC /* GroupViewController.swift in Sources */,
				D093752123C6AEAB00F9CE44 /* HomeViewController.swift in Sources */,
				D09C8E4623EE791F000CB4DC /* PhotoHelper.swift in Sources */,
				D09C8E3E23EB95BF000CB4DC /* GroupViewCell.swift in Sources */,
				D09C8E4823F8D97E000CB4DC /* ImageStorage.swift in Sources */,
				D093751D23C6AEAB00F9CE44 /* AppDelegate.swift in Sources */,
				D093753C23C7562800F9CE44 /* CollectionViewCell.swift in Sources */,
				D09C8E4023EDCF6E000CB4DC /* GalleryViewController.swift in Sources */,
				D093752723C6AEAB00F9CE44 /* Picture_Labeler.xcdatamodeld in Sources */,
				D09C8E4223EE20C7000CB4DC /* ImageSaveController.swift in Sources */,
				D093751F23C6AEAB00F9CE44 /* SceneDelegate.swift in Sources */,
			);
			runOnlyForDeploymentPostprocessing = 0;
		};
/* End PBXSourcesBuildPhase section */

/* Begin PBXVariantGroup section */
		D093752223C6AEAB00F9CE44 /* Main.storyboard */ = {
			isa = PBXVariantGroup;
			children = (
				D093752323C6AEAB00F9CE44 /* Base */,
			);
			name = Main.storyboard;
			sourceTree = "<group>";
		};
		D093752A23C6AEAC00F9CE44 /* LaunchScreen.storyboard */ = {
			isa = PBXVariantGroup;
			children = (
				D093752B23C6AEAC00F9CE44 /* Base */,
			);
			name = LaunchScreen.storyboard;
			sourceTree = "<group>";
		};
/* End PBXVariantGroup section */

/* Begin XCBuildConfiguration section */
		D093752E23C6AEAC00F9CE44 /* Debug */ = {
			isa = XCBuildConfiguration;
			buildSettings = {
				ALWAYS_SEARCH_USER_PATHS = NO;
				CLANG_ANALYZER_NONNULL = YES;
				CLANG_ANALYZER_NUMBER_OBJECT_CONVERSION = YES_AGGRESSIVE;
				CLANG_CXX_LANGUAGE_STANDARD = "gnu++14";
				CLANG_CXX_LIBRARY = "libc++";
				CLANG_ENABLE_MODULES = YES;
				CLANG_ENABLE_OBJC_ARC = YES;
				CLANG_ENABLE_OBJC_WEAK = YES;
				CLANG_WARN_BLOCK_CAPTURE_AUTORELEASING = YES;
				CLANG_WARN_BOOL_CONVERSION = YES;
				CLANG_WARN_COMMA = YES;
				CLANG_WARN_CONSTANT_CONVERSION = YES;
				CLANG_WARN_DEPRECATED_OBJC_IMPLEMENTATIONS = YES;
				CLANG_WARN_DIRECT_OBJC_ISA_USAGE = YES_ERROR;
				CLANG_WARN_DOCUMENTATION_COMMENTS = YES;
				CLANG_WARN_EMPTY_BODY = YES;
				CLANG_WARN_ENUM_CONVERSION = YES;
				CLANG_WARN_INFINITE_RECURSION = YES;
				CLANG_WARN_INT_CONVERSION = YES;
				CLANG_WARN_NON_LITERAL_NULL_CONVERSION = YES;
				CLANG_WARN_OBJC_IMPLICIT_RETAIN_SELF = YES;
				CLANG_WARN_OBJC_LITERAL_CONVERSION = YES;
				CLANG_WARN_OBJC_ROOT_CLASS = YES_ERROR;
				CLANG_WARN_RANGE_LOOP_ANALYSIS = YES;
				CLANG_WARN_STRICT_PROTOTYPES = YES;
				CLANG_WARN_SUSPICIOUS_MOVE = YES;
				CLANG_WARN_UNGUARDED_AVAILABILITY = YES_AGGRESSIVE;
				CLANG_WARN_UNREACHABLE_CODE = YES;
				CLANG_WARN__DUPLICATE_METHOD_MATCH = YES;
				COPY_PHASE_STRIP = NO;
				DEBUG_INFORMATION_FORMAT = dwarf;
				ENABLE_STRICT_OBJC_MSGSEND = YES;
				ENABLE_TESTABILITY = YES;
				GCC_C_LANGUAGE_STANDARD = gnu11;
				GCC_DYNAMIC_NO_PIC = NO;
				GCC_NO_COMMON_BLOCKS = YES;
				GCC_OPTIMIZATION_LEVEL = 0;
				GCC_PREPROCESSOR_DEFINITIONS = (
					"DEBUG=1",
					"$(inherited)",
				);
				GCC_WARN_64_TO_32_BIT_CONVERSION = YES;
				GCC_WARN_ABOUT_RETURN_TYPE = YES_ERROR;
				GCC_WARN_UNDECLARED_SELECTOR = YES;
				GCC_WARN_UNINITIALIZED_AUTOS = YES_AGGRESSIVE;
				GCC_WARN_UNUSED_FUNCTION = YES;
				GCC_WARN_UNUSED_VARIABLE = YES;
				IPHONEOS_DEPLOYMENT_TARGET = 13.2;
				MTL_ENABLE_DEBUG_INFO = INCLUDE_SOURCE;
				MTL_FAST_MATH = YES;
				ONLY_ACTIVE_ARCH = YES;
				SDKROOT = iphoneos;
				SWIFT_ACTIVE_COMPILATION_CONDITIONS = DEBUG;
				SWIFT_OPTIMIZATION_LEVEL = "-Onone";
			};
			name = Debug;
		};
		D093752F23C6AEAC00F9CE44 /* Release */ = {
			isa = XCBuildConfiguration;
			buildSettings = {
				ALWAYS_SEARCH_USER_PATHS = NO;
				CLANG_ANALYZER_NONNULL = YES;
				CLANG_ANALYZER_NUMBER_OBJECT_CONVERSION = YES_AGGRESSIVE;
				CLANG_CXX_LANGUAGE_STANDARD = "gnu++14";
				CLANG_CXX_LIBRARY = "libc++";
				CLANG_ENABLE_MODULES = YES;
				CLANG_ENABLE_OBJC_ARC = YES;
				CLANG_ENABLE_OBJC_WEAK = YES;
				CLANG_WARN_BLOCK_CAPTURE_AUTORELEASING = YES;
				CLANG_WARN_BOOL_CONVERSION = YES;
				CLANG_WARN_COMMA = YES;
				CLANG_WARN_CONSTANT_CONVERSION = YES;
				CLANG_WARN_DEPRECATED_OBJC_IMPLEMENTATIONS = YES;
				CLANG_WARN_DIRECT_OBJC_ISA_USAGE = YES_ERROR;
				CLANG_WARN_DOCUMENTATION_COMMENTS = YES;
				CLANG_WARN_EMPTY_BODY = YES;
				CLANG_WARN_ENUM_CONVERSION = YES;
				CLANG_WARN_INFINITE_RECURSION = YES;
				CLANG_WARN_INT_CONVERSION = YES;
				CLANG_WARN_NON_LITERAL_NULL_CONVERSION = YES;
				CLANG_WARN_OBJC_IMPLICIT_RETAIN_SELF = YES;
				CLANG_WARN_OBJC_LITERAL_CONVERSION = YES;
				CLANG_WARN_OBJC_ROOT_CLASS = YES_ERROR;
				CLANG_WARN_RANGE_LOOP_ANALYSIS = YES;
				CLANG_WARN_STRICT_PROTOTYPES = YES;
				CLANG_WARN_SUSPICIOUS_MOVE = YES;
				CLANG_WARN_UNGUARDED_AVAILABILITY = YES_AGGRESSIVE;
				CLANG_WARN_UNREACHABLE_CODE = YES;
				CLANG_WARN__DUPLICATE_METHOD_MATCH = YES;
				COPY_PHASE_STRIP = NO;
				DEBUG_INFORMATION_FORMAT = "dwarf-with-dsym";
				ENABLE_NS_ASSERTIONS = NO;
				ENABLE_STRICT_OBJC_MSGSEND = YES;
				GCC_C_LANGUAGE_STANDARD = gnu11;
				GCC_NO_COMMON_BLOCKS = YES;
				GCC_WARN_64_TO_32_BIT_CONVERSION = YES;
				GCC_WARN_ABOUT_RETURN_TYPE = YES_ERROR;
				GCC_WARN_UNDECLARED_SELECTOR = YES;
				GCC_WARN_UNINITIALIZED_AUTOS = YES_AGGRESSIVE;
				GCC_WARN_UNUSED_FUNCTION = YES;
				GCC_WARN_UNUSED_VARIABLE = YES;
				IPHONEOS_DEPLOYMENT_TARGET = 13.2;
				MTL_ENABLE_DEBUG_INFO = NO;
				MTL_FAST_MATH = YES;
				SDKROOT = iphoneos;
				SWIFT_COMPILATION_MODE = wholemodule;
				SWIFT_OPTIMIZATION_LEVEL = "-O";
				VALIDATE_PRODUCT = YES;
			};
			name = Release;
		};
		D093753123C6AEAC00F9CE44 /* Debug */ = {
			isa = XCBuildConfiguration;
			baseConfigurationReference = 1B61186A1280B7D990B762CF /* Pods-Picture Labeler.debug.xcconfig */;
			buildSettings = {
				ASSETCATALOG_COMPILER_APPICON_NAME = AppIcon;
				CODE_SIGN_STYLE = Automatic;
				DEVELOPMENT_TEAM = QRQKH2K28B;
				INFOPLIST_FILE = "Picture Labeler/Info.plist";
				LD_RUNPATH_SEARCH_PATHS = (
					"$(inherited)",
					"@executable_path/Frameworks",
				);
				PRODUCT_BUNDLE_IDENTIFIER = "com.joshuabowen.Picture-Labeler";
				PRODUCT_NAME = "$(TARGET_NAME)";
				SWIFT_VERSION = 5.0;
				TARGETED_DEVICE_FAMILY = "1,2";
			};
			name = Debug;
		};
		D093753223C6AEAC00F9CE44 /* Release */ = {
			isa = XCBuildConfiguration;
			baseConfigurationReference = 87BAF46399B14310AF51CF10 /* Pods-Picture Labeler.release.xcconfig */;
			buildSettings = {
				ASSETCATALOG_COMPILER_APPICON_NAME = AppIcon;
				CODE_SIGN_STYLE = Automatic;
				DEVELOPMENT_TEAM = QRQKH2K28B;
				INFOPLIST_FILE = "Picture Labeler/Info.plist";
				LD_RUNPATH_SEARCH_PATHS = (
					"$(inherited)",
					"@executable_path/Frameworks",
				);
				PRODUCT_BUNDLE_IDENTIFIER = "com.joshuabowen.Picture-Labeler";
				PRODUCT_NAME = "$(TARGET_NAME)";
				SWIFT_VERSION = 5.0;
				TARGETED_DEVICE_FAMILY = "1,2";
			};
			name = Release;
		};
/* End XCBuildConfiguration section */

/* Begin XCConfigurationList section */
		D093751423C6AEAB00F9CE44 /* Build configuration list for PBXProject "Picture Labeler" */ = {
			isa = XCConfigurationList;
			buildConfigurations = (
				D093752E23C6AEAC00F9CE44 /* Debug */,
				D093752F23C6AEAC00F9CE44 /* Release */,
			);
			defaultConfigurationIsVisible = 0;
			defaultConfigurationName = Release;
		};
		D093753023C6AEAC00F9CE44 /* Build configuration list for PBXNativeTarget "Picture Labeler" */ = {
			isa = XCConfigurationList;
			buildConfigurations = (
				D093753123C6AEAC00F9CE44 /* Debug */,
				D093753223C6AEAC00F9CE44 /* Release */,
			);
			defaultConfigurationIsVisible = 0;
			defaultConfigurationName = Release;
		};
/* End XCConfigurationList section */

/* Begin XCVersionGroup section */
		D093752523C6AEAB00F9CE44 /* Picture_Labeler.xcdatamodeld */ = {
			isa = XCVersionGroup;
			children = (
				D093752623C6AEAB00F9CE44 /* Picture_Labeler.xcdatamodel */,
			);
			currentVersion = D093752623C6AEAB00F9CE44 /* Picture_Labeler.xcdatamodel */;
			path = Picture_Labeler.xcdatamodeld;
			sourceTree = "<group>";
			versionGroupType = wrapper.xcdatamodel;
		};
/* End XCVersionGroup section */
	};
	rootObject = D093751123C6AEAB00F9CE44 /* Project object */;
}
